// !$*UTF8*$!
{
	archiveVersion = 1;
	classes = {
	};
	objectVersion = 56;
	objects = {

/* Begin PBXBuildFile section */
		2CB3F4A1296AEE8500A0667F /* AppDelegate.swift in Sources */ = {isa = PBXBuildFile; fileRef = 2CB3F4A0296AEE8500A0667F /* AppDelegate.swift */; };
		2CB3F4A3296AEE8500A0667F /* SceneDelegate.swift in Sources */ = {isa = PBXBuildFile; fileRef = 2CB3F4A2296AEE8500A0667F /* SceneDelegate.swift */; };
		2CB3F4A5296AEE8500A0667F /* ViewController.swift in Sources */ = {isa = PBXBuildFile; fileRef = 2CB3F4A4296AEE8500A0667F /* ViewController.swift */; };
		2CB3F4AA296AEE8600A0667F /* Assets.xcassets in Resources */ = {isa = PBXBuildFile; fileRef = 2CB3F4A9296AEE8600A0667F /* Assets.xcassets */; };
		2CB3F4AD296AEE8600A0667F /* LaunchScreen.storyboard in Resources */ = {isa = PBXBuildFile; fileRef = 2CB3F4AB296AEE8600A0667F /* LaunchScreen.storyboard */; };
		2CB3F4BD296AEFA200A0667F /* PinLayout in Frameworks */ = {isa = PBXBuildFile; productRef = 2CB3F4BC296AEFA200A0667F /* PinLayout */; };
		2CB3F4C3296AF0E300A0667F /* FlexLayout in Frameworks */ = {isa = PBXBuildFile; productRef = 2CB3F4C2296AF0E300A0667F /* FlexLayout */; };
		2CB3F4C6296AF1F800A0667F /* Then in Frameworks */ = {isa = PBXBuildFile; productRef = 2CB3F4C5296AF1F800A0667F /* Then */; };
/* End PBXBuildFile section */

/* Begin PBXFileReference section */
		2CB3F49D296AEE8500A0667F /* Practice-Flex-PinLayout.app */ = {isa = PBXFileReference; explicitFileType = wrapper.application; includeInIndex = 0; path = "Practice-Flex-PinLayout.app"; sourceTree = BUILT_PRODUCTS_DIR; };
		2CB3F4A0296AEE8500A0667F /* AppDelegate.swift */ = {isa = PBXFileReference; lastKnownFileType = sourcecode.swift; path = AppDelegate.swift; sourceTree = "<group>"; };
		2CB3F4A2296AEE8500A0667F /* SceneDelegate.swift */ = {isa = PBXFileReference; lastKnownFileType = sourcecode.swift; path = SceneDelegate.swift; sourceTree = "<group>"; };
		2CB3F4A4296AEE8500A0667F /* ViewController.swift */ = {isa = PBXFileReference; lastKnownFileType = sourcecode.swift; path = ViewController.swift; sourceTree = "<group>"; };
		2CB3F4A9296AEE8600A0667F /* Assets.xcassets */ = {isa = PBXFileReference; lastKnownFileType = folder.assetcatalog; path = Assets.xcassets; sourceTree = "<group>"; };
		2CB3F4AC296AEE8600A0667F /* Base */ = {isa = PBXFileReference; lastKnownFileType = file.storyboard; name = Base; path = Base.lproj/LaunchScreen.storyboard; sourceTree = "<group>"; };
		2CB3F4AE296AEE8600A0667F /* Info.plist */ = {isa = PBXFileReference; lastKnownFileType = text.plist.xml; path = Info.plist; sourceTree = "<group>"; };
/* End PBXFileReference section */

/* Begin PBXFrameworksBuildPhase section */
		2CB3F49A296AEE8500A0667F /* Frameworks */ = {
			isa = PBXFrameworksBuildPhase;
			buildActionMask = 2147483647;
			files = (
				2CB3F4BD296AEFA200A0667F /* PinLayout in Frameworks */,
				2CB3F4C6296AF1F800A0667F /* Then in Frameworks */,
				2CB3F4C3296AF0E300A0667F /* FlexLayout in Frameworks */,
			);
			runOnlyForDeploymentPostprocessing = 0;
		};
/* End PBXFrameworksBuildPhase section */

/* Begin PBXGroup section */
		2CB3F494296AEE8500A0667F = {
			isa = PBXGroup;
			children = (
				2CB3F49F296AEE8500A0667F /* Practice-Flex-PinLayout */,
				2CB3F49E296AEE8500A0667F /* Products */,
			);
			sourceTree = "<group>";
		};
		2CB3F49E296AEE8500A0667F /* Products */ = {
			isa = PBXGroup;
			children = (
				2CB3F49D296AEE8500A0667F /* Practice-Flex-PinLayout.app */,
			);
			name = Products;
			sourceTree = "<group>";
		};
		2CB3F49F296AEE8500A0667F /* Practice-Flex-PinLayout */ = {
			isa = PBXGroup;
			children = (
				2CB3F4A0296AEE8500A0667F /* AppDelegate.swift */,
				2CB3F4A2296AEE8500A0667F /* SceneDelegate.swift */,
				2CB3F4A4296AEE8500A0667F /* ViewController.swift */,
				2CB3F4A9296AEE8600A0667F /* Assets.xcassets */,
				2CB3F4AB296AEE8600A0667F /* LaunchScreen.storyboard */,
				2CB3F4AE296AEE8600A0667F /* Info.plist */,
			);
			path = "Practice-Flex-PinLayout";
			sourceTree = "<group>";
		};
/* End PBXGroup section */

/* Begin PBXNativeTarget section */
		2CB3F49C296AEE8500A0667F /* Practice-Flex-PinLayout */ = {
			isa = PBXNativeTarget;
			buildConfigurationList = 2CB3F4B1296AEE8600A0667F /* Build configuration list for PBXNativeTarget "Practice-Flex-PinLayout" */;
			buildPhases = (
				2CB3F499296AEE8500A0667F /* Sources */,
				2CB3F49A296AEE8500A0667F /* Frameworks */,
				2CB3F49B296AEE8500A0667F /* Resources */,
			);
			buildRules = (
			);
			dependencies = (
			);
			name = "Practice-Flex-PinLayout";
			packageProductDependencies = (
				2CB3F4BC296AEFA200A0667F /* PinLayout */,
				2CB3F4C2296AF0E300A0667F /* FlexLayout */,
				2CB3F4C5296AF1F800A0667F /* Then */,
			);
			productName = "Practice-Flex-PinLayout";
			productReference = 2CB3F49D296AEE8500A0667F /* Practice-Flex-PinLayout.app */;
			productType = "com.apple.product-type.application";
		};
/* End PBXNativeTarget section */

/* Begin PBXProject section */
		2CB3F495296AEE8500A0667F /* Project object */ = {
			isa = PBXProject;
			attributes = {
				BuildIndependentTargetsInParallel = 1;
				LastSwiftUpdateCheck = 1420;
				LastUpgradeCheck = 1420;
				TargetAttributes = {
					2CB3F49C296AEE8500A0667F = {
						CreatedOnToolsVersion = 14.2;
					};
				};
			};
			buildConfigurationList = 2CB3F498296AEE8500A0667F /* Build configuration list for PBXProject "Practice-Flex-PinLayout" */;
			compatibilityVersion = "Xcode 14.0";
			developmentRegion = en;
			hasScannedForEncodings = 0;
			knownRegions = (
				en,
				Base,
			);
			mainGroup = 2CB3F494296AEE8500A0667F;
			packageReferences = (
				2CB3F4BB296AEFA200A0667F /* XCRemoteSwiftPackageReference "PinLayout" */,
				2CB3F4C1296AF0E300A0667F /* XCRemoteSwiftPackageReference "FlexLayout" */,
				2CB3F4C4296AF1F800A0667F /* XCRemoteSwiftPackageReference "Then" */,
			);
			productRefGroup = 2CB3F49E296AEE8500A0667F /* Products */;
			projectDirPath = "";
			projectRoot = "";
			targets = (
				2CB3F49C296AEE8500A0667F /* Practice-Flex-PinLayout */,
			);
		};
/* End PBXProject section */

/* Begin PBXResourcesBuildPhase section */
		2CB3F49B296AEE8500A0667F /* Resources */ = {
			isa = PBXResourcesBuildPhase;
			buildActionMask = 2147483647;
			files = (
				2CB3F4AD296AEE8600A0667F /* LaunchScreen.storyboard in Resources */,
				2CB3F4AA296AEE8600A0667F /* Assets.xcassets in Resources */,
			);
			runOnlyForDeploymentPostprocessing = 0;
		};
/* End PBXResourcesBuildPhase section */

/* Begin PBXSourcesBuildPhase section */
		2CB3F499296AEE8500A0667F /* Sources */ = {
			isa = PBXSourcesBuildPhase;
			buildActionMask = 2147483647;
			files = (
				2CB3F4A5296AEE8500A0667F /* ViewController.swift in Sources */,
				2CB3F4A1296AEE8500A0667F /* AppDelegate.swift in Sources */,
				2CB3F4A3296AEE8500A0667F /* SceneDelegate.swift in Sources */,
			);
			runOnlyForDeploymentPostprocessing = 0;
		};
/* End PBXSourcesBuildPhase section */

/* Begin PBXVariantGroup section */
		2CB3F4AB296AEE8600A0667F /* LaunchScreen.storyboard */ = {
			isa = PBXVariantGroup;
			children = (
				2CB3F4AC296AEE8600A0667F /* Base */,
			);
			name = LaunchScreen.storyboard;
			sourceTree = "<group>";
		};
/* End PBXVariantGroup section */

/* Begin XCBuildConfiguration section */
		2CB3F4AF296AEE8600A0667F /* Debug */ = {
			isa = XCBuildConfiguration;
			buildSettings = {
				ALWAYS_SEARCH_USER_PATHS = NO;
				CLANG_ANALYZER_NONNULL = YES;
				CLANG_ANALYZER_NUMBER_OBJECT_CONVERSION = YES_AGGRESSIVE;
				CLANG_CXX_LANGUAGE_STANDARD = "gnu++20";
				CLANG_ENABLE_MODULES = YES;
				CLANG_ENABLE_OBJC_ARC = YES;
				CLANG_ENABLE_OBJC_WEAK = YES;
				CLANG_WARN_BLOCK_CAPTURE_AUTORELEASING = YES;
				CLANG_WARN_BOOL_CONVERSION = YES;
				CLANG_WARN_COMMA = YES;
				CLANG_WARN_CONSTANT_CONVERSION = YES;
				CLANG_WARN_DEPRECATED_OBJC_IMPLEMENTATIONS = YES;
				CLANG_WARN_DIRECT_OBJC_ISA_USAGE = YES_ERROR;
				CLANG_WARN_DOCUMENTATION_COMMENTS = YES;
				CLANG_WARN_EMPTY_BODY = YES;
				CLANG_WARN_ENUM_CONVERSION = YES;
				CLANG_WARN_INFINITE_RECURSION = YES;
				CLANG_WARN_INT_CONVERSION = YES;
				CLANG_WARN_NON_LITERAL_NULL_CONVERSION = YES;
				CLANG_WARN_OBJC_IMPLICIT_RETAIN_SELF = YES;
				CLANG_WARN_OBJC_LITERAL_CONVERSION = YES;
				CLANG_WARN_OBJC_ROOT_CLASS = YES_ERROR;
				CLANG_WARN_QUOTED_INCLUDE_IN_FRAMEWORK_HEADER = YES;
				CLANG_WARN_RANGE_LOOP_ANALYSIS = YES;
				CLANG_WARN_STRICT_PROTOTYPES = YES;
				CLANG_WARN_SUSPICIOUS_MOVE = YES;
				CLANG_WARN_UNGUARDED_AVAILABILITY = YES_AGGRESSIVE;
				CLANG_WARN_UNREACHABLE_CODE = YES;
				CLANG_WARN__DUPLICATE_METHOD_MATCH = YES;
				COPY_PHASE_STRIP = NO;
				DEBUG_INFORMATION_FORMAT = dwarf;
				ENABLE_STRICT_OBJC_MSGSEND = YES;
				ENABLE_TESTABILITY = YES;
				GCC_C_LANGUAGE_STANDARD = gnu11;
				GCC_DYNAMIC_NO_PIC = NO;
				GCC_NO_COMMON_BLOCKS = YES;
				GCC_OPTIMIZATION_LEVEL = 0;
				GCC_PREPROCESSOR_DEFINITIONS = (
					"DEBUG=1",
					"$(inherited)",
				);
				GCC_WARN_64_TO_32_BIT_CONVERSION = YES;
				GCC_WARN_ABOUT_RETURN_TYPE = YES_ERROR;
				GCC_WARN_UNDECLARED_SELECTOR = YES;
				GCC_WARN_UNINITIALIZED_AUTOS = YES_AGGRESSIVE;
				GCC_WARN_UNUSED_FUNCTION = YES;
				GCC_WARN_UNUSED_VARIABLE = YES;
				IPHONEOS_DEPLOYMENT_TARGET = 16.2;
				MTL_ENABLE_DEBUG_INFO = INCLUDE_SOURCE;
				MTL_FAST_MATH = YES;
				ONLY_ACTIVE_ARCH = YES;
				SDKROOT = iphoneos;
				SWIFT_ACTIVE_COMPILATION_CONDITIONS = DEBUG;
				SWIFT_OPTIMIZATION_LEVEL = "-Onone";
			};
			name = Debug;
		};
		2CB3F4B0296AEE8600A0667F /* Release */ = {
			isa = XCBuildConfiguration;
			buildSettings = {
				ALWAYS_SEARCH_USER_PATHS = NO;
				CLANG_ANALYZER_NONNULL = YES;
				CLANG_ANALYZER_NUMBER_OBJECT_CONVERSION = YES_AGGRESSIVE;
				CLANG_CXX_LANGUAGE_STANDARD = "gnu++20";
				CLANG_ENABLE_MODULES = YES;
				CLANG_ENABLE_OBJC_ARC = YES;
				CLANG_ENABLE_OBJC_WEAK = YES;
				CLANG_WARN_BLOCK_CAPTURE_AUTORELEASING = YES;
				CLANG_WARN_BOOL_CONVERSION = YES;
				CLANG_WARN_COMMA = YES;
				CLANG_WARN_CONSTANT_CONVERSION = YES;
				CLANG_WARN_DEPRECATED_OBJC_IMPLEMENTATIONS = YES;
				CLANG_WARN_DIRECT_OBJC_ISA_USAGE = YES_ERROR;
				CLANG_WARN_DOCUMENTATION_COMMENTS = YES;
				CLANG_WARN_EMPTY_BODY = YES;
				CLANG_WARN_ENUM_CONVERSION = YES;
				CLANG_WARN_INFINITE_RECURSION = YES;
				CLANG_WARN_INT_CONVERSION = YES;
				CLANG_WARN_NON_LITERAL_NULL_CONVERSION = YES;
				CLANG_WARN_OBJC_IMPLICIT_RETAIN_SELF = YES;
				CLANG_WARN_OBJC_LITERAL_CONVERSION = YES;
				CLANG_WARN_OBJC_ROOT_CLASS = YES_ERROR;
				CLANG_WARN_QUOTED_INCLUDE_IN_FRAMEWORK_HEADER = YES;
				CLANG_WARN_RANGE_LOOP_ANALYSIS = YES;
				CLANG_WARN_STRICT_PROTOTYPES = YES;
				CLANG_WARN_SUSPICIOUS_MOVE = YES;
				CLANG_WARN_UNGUARDED_AVAILABILITY = YES_AGGRESSIVE;
				CLANG_WARN_UNREACHABLE_CODE = YES;
				CLANG_WARN__DUPLICATE_METHOD_MATCH = YES;
				COPY_PHASE_STRIP = NO;
				DEBUG_INFORMATION_FORMAT = "dwarf-with-dsym";
				ENABLE_NS_ASSERTIONS = NO;
				ENABLE_STRICT_OBJC_MSGSEND = YES;
				GCC_C_LANGUAGE_STANDARD = gnu11;
				GCC_NO_COMMON_BLOCKS = YES;
				GCC_WARN_64_TO_32_BIT_CONVERSION = YES;
				GCC_WARN_ABOUT_RETURN_TYPE = YES_ERROR;
				GCC_WARN_UNDECLARED_SELECTOR = YES;
				GCC_WARN_UNINITIALIZED_AUTOS = YES_AGGRESSIVE;
				GCC_WARN_UNUSED_FUNCTION = YES;
				GCC_WARN_UNUSED_VARIABLE = YES;
				IPHONEOS_DEPLOYMENT_TARGET = 16.2;
				MTL_ENABLE_DEBUG_INFO = NO;
				MTL_FAST_MATH = YES;
				SDKROOT = iphoneos;
				SWIFT_COMPILATION_MODE = wholemodule;
				SWIFT_OPTIMIZATION_LEVEL = "-O";
				VALIDATE_PRODUCT = YES;
			};
			name = Release;
		};
		2CB3F4B2296AEE8600A0667F /* Debug */ = {
			isa = XCBuildConfiguration;
			buildSettings = {
				ASSETCATALOG_COMPILER_APPICON_NAME = AppIcon;
				ASSETCATALOG_COMPILER_GLOBAL_ACCENT_COLOR_NAME = AccentColor;
				CODE_SIGN_STYLE = Automatic;
				CURRENT_PROJECT_VERSION = 1;
				DEVELOPMENT_TEAM = VKGAQDGK5R;
				GCC_PREPROCESSOR_DEFINITIONS = "FLEXLAYOUT_SWIFT_PACKAGE=1";
				GENERATE_INFOPLIST_FILE = YES;
				INFOPLIST_FILE = "Practice-Flex-PinLayout/Info.plist";
				INFOPLIST_KEY_UIApplicationSupportsIndirectInputEvents = YES;
				INFOPLIST_KEY_UILaunchStoryboardName = LaunchScreen;
				INFOPLIST_KEY_UIMainStoryboardFile = Main;
				INFOPLIST_KEY_UISupportedInterfaceOrientations_iPad = "UIInterfaceOrientationPortrait UIInterfaceOrientationPortraitUpsideDown UIInterfaceOrientationLandscapeLeft UIInterfaceOrientationLandscapeRight";
				INFOPLIST_KEY_UISupportedInterfaceOrientations_iPhone = "UIInterfaceOrientationPortrait UIInterfaceOrientationLandscapeLeft UIInterfaceOrientationLandscapeRight";
				LD_RUNPATH_SEARCH_PATHS = (
					"$(inherited)",
					"@executable_path/Frameworks",
				);
				MARKETING_VERSION = 1.0;
				PRODUCT_BUNDLE_IDENTIFIER = "com.boni.Practice-Flex-PinLayout";
				PRODUCT_NAME = "$(TARGET_NAME)";
				SWIFT_EMIT_LOC_STRINGS = YES;
				SWIFT_VERSION = 5.0;
				TARGETED_DEVICE_FAMILY = "1,2";
			};
			name = Debug;
		};
		2CB3F4B3296AEE8600A0667F /* Release */ = {
			isa = XCBuildConfiguration;
			buildSettings = {
				ASSETCATALOG_COMPILER_APPICON_NAME = AppIcon;
				ASSETCATALOG_COMPILER_GLOBAL_ACCENT_COLOR_NAME = AccentColor;
				CODE_SIGN_STYLE = Automatic;
				CURRENT_PROJECT_VERSION = 1;
				DEVELOPMENT_TEAM = VKGAQDGK5R;
				GCC_PREPROCESSOR_DEFINITIONS = "FLEXLAYOUT_SWIFT_PACKAGE=1";
				GENERATE_INFOPLIST_FILE = YES;
				INFOPLIST_FILE = "Practice-Flex-PinLayout/Info.plist";
				INFOPLIST_KEY_UIApplicationSupportsIndirectInputEvents = YES;
				INFOPLIST_KEY_UILaunchStoryboardName = LaunchScreen;
				INFOPLIST_KEY_UIMainStoryboardFile = Main;
				INFOPLIST_KEY_UISupportedInterfaceOrientations_iPad = "UIInterfaceOrientationPortrait UIInterfaceOrientationPortraitUpsideDown UIInterfaceOrientationLandscapeLeft UIInterfaceOrientationLandscapeRight";
				INFOPLIST_KEY_UISupportedInterfaceOrientations_iPhone = "UIInterfaceOrientationPortrait UIInterfaceOrientationLandscapeLeft UIInterfaceOrientationLandscapeRight";
				LD_RUNPATH_SEARCH_PATHS = (
					"$(inherited)",
					"@executable_path/Frameworks",
				);
				MARKETING_VERSION = 1.0;
				PRODUCT_BUNDLE_IDENTIFIER = "com.boni.Practice-Flex-PinLayout";
				PRODUCT_NAME = "$(TARGET_NAME)";
				SWIFT_EMIT_LOC_STRINGS = YES;
				SWIFT_VERSION = 5.0;
				TARGETED_DEVICE_FAMILY = "1,2";
			};
			name = Release;
		};
/* End XCBuildConfiguration section */

/* Begin XCConfigurationList section */
		2CB3F498296AEE8500A0667F /* Build configuration list for PBXProject "Practice-Flex-PinLayout" */ = {
			isa = XCConfigurationList;
			buildConfigurations = (
				2CB3F4AF296AEE8600A0667F /* Debug */,
				2CB3F4B0296AEE8600A0667F /* Release */,
			);
			defaultConfigurationIsVisible = 0;
			defaultConfigurationName = Release;
		};
		2CB3F4B1296AEE8600A0667F /* Build configuration list for PBXNativeTarget "Practice-Flex-PinLayout" */ = {
			isa = XCConfigurationList;
			buildConfigurations = (
				2CB3F4B2296AEE8600A0667F /* Debug */,
				2CB3F4B3296AEE8600A0667F /* Release */,
			);
			defaultConfigurationIsVisible = 0;
			defaultConfigurationName = Release;
		};
/* End XCConfigurationList section */

/* Begin XCRemoteSwiftPackageReference section */
		2CB3F4BB296AEFA200A0667F /* XCRemoteSwiftPackageReference "PinLayout" */ = {
			isa = XCRemoteSwiftPackageReference;
			repositoryURL = "https://github.com/layoutBox/PinLayout";
			requirement = {
				kind = upToNextMajorVersion;
				minimumVersion = 1.0.0;
			};
		};
		2CB3F4C1296AF0E300A0667F /* XCRemoteSwiftPackageReference "FlexLayout" */ = {
			isa = XCRemoteSwiftPackageReference;
			repositoryURL = "https://github.com/layoutBox/FlexLayout.git";
			requirement = {
				branch = master;
				kind = branch;
			};
		};
		2CB3F4C4296AF1F800A0667F /* XCRemoteSwiftPackageReference "Then" */ = {
			isa = XCRemoteSwiftPackageReference;
			repositoryURL = "https://github.com/devxoul/Then";
			requirement = {
				branch = master;
				kind = branch;
			};
		};
/* End XCRemoteSwiftPackageReference section */

/* Begin XCSwiftPackageProductDependency section */
		2CB3F4BC296AEFA200A0667F /* PinLayout */ = {
			isa = XCSwiftPackageProductDependency;
			package = 2CB3F4BB296AEFA200A0667F /* XCRemoteSwiftPackageReference "PinLayout" */;
			productName = PinLayout;
		};
		2CB3F4C2296AF0E300A0667F /* FlexLayout */ = {
			isa = XCSwiftPackageProductDependency;
			package = 2CB3F4C1296AF0E300A0667F /* XCRemoteSwiftPackageReference "FlexLayout" */;
			productName = FlexLayout;
		};
		2CB3F4C5296AF1F800A0667F /* Then */ = {
			isa = XCSwiftPackageProductDependency;
			package = 2CB3F4C4296AF1F800A0667F /* XCRemoteSwiftPackageReference "Then" */;
			productName = Then;
		};
/* End XCSwiftPackageProductDependency section */
	};
	rootObject = 2CB3F495296AEE8500A0667F /* Project object */;
}
